
Microsoft Visual Studio Solution File, Format Version 12.00
# Visual Studio Version 17
VisualStudioVersion = 17.11.35327.3
MinimumVisualStudioVersion = 10.0.40219.1
Project("{8BC9CEB8-8B4A-11D0-8D11-00A0C91BC942}") = "vs22", "vs22.vcxproj", "{5DA5CCF3-42B2-478C-9862-4BBE3DEF635C}"
EndProject
Global
	GlobalSection(SolutionConfigurationPlatforms) = preSolution
		Debug|x64 = Debug|x64
		Debug|x86 = Debug|x86
		Release|x64 = Release|x64
		Release|x86 = Release|x86
	EndGlobalSection
	GlobalSection(ProjectConfigurationPlatforms) = postSolution
		{5DA5CCF3-42B2-478C-9862-4BBE3DEF635C}.Debug|x64.ActiveCfg = Debug|x64
		{5DA5CCF3-42B2-478C-9862-4BBE3DEF635C}.Debug|x64.Build.0 = Debug|x64
		{5DA5CCF3-42B2-478C-9862-4BBE3DEF635C}.Debug|x86.ActiveCfg = Debug|Win32
		{5DA5CCF3-42B2-478C-9862-4BBE3DEF635C}.Debug|x86.Build.0 = Debug|Win32
		{5DA5CCF3-42B2-478C-9862-4BBE3DEF635C}.Release|x64.ActiveCfg = Release|x64
		{5DA5CCF3-42B2-478C-9862-4BBE3DEF635C}.Release|x64.Build.0 = Release|x64
		{5DA5CCF3-42B2-478C-9862-4BBE3DEF635C}.Release|x86.ActiveCfg = Release|Win32
		{5DA5CCF3-42B2-478C-9862-4BBE3DEF635C}.Release|x86.Build.0 = Release|Win32
	EndGlobalSection
	GlobalSection(SolutionProperties) = preSolution
		HideSolutionNode = FALSE
	EndGlobalSection
	GlobalSection(ExtensibilityGlobals) = postSolution
		SolutionGuid = {75EDC281-B10C-4CE3-B3C4-D903E07B2C9B}
	EndGlobalSection
EndGlobal
